
Microsoft Visual Studio Solution File, Format Version 12.00
# Visual Studio 14
VisualStudioVersion = 14.0.25420.1
MinimumVisualStudioVersion = 10.0.40219.1
Project("{FAE04EC0-301F-11D3-BF4B-00C04F79EFBC}") = "PongClient", "PongClient\PongClient\PongClient.csproj", "{EFAAFA0B-D4C8-4341-95EA-610CC8F268A3}"
EndProject
Project("{96E2B04D-8817-42C6-938A-82C39BA4D311}") = "PongClientContent", "PongClient\PongClientContent\PongClientContent.contentproj", "{509E46EB-66A1-4629-AAE8-B949EA800CFD}"
EndProject
Global
	GlobalSection(SolutionConfigurationPlatforms) = preSolution
		Debug|x86 = Debug|x86
		Release|x86 = Release|x86
	EndGlobalSection
	GlobalSection(ProjectConfigurationPlatforms) = postSolution
		{EFAAFA0B-D4C8-4341-95EA-610CC8F268A3}.Debug|x86.ActiveCfg = Debug|x86
		{EFAAFA0B-D4C8-4341-95EA-610CC8F268A3}.Debug|x86.Build.0 = Debug|x86
		{EFAAFA0B-D4C8-4341-95EA-610CC8F268A3}.Release|x86.ActiveCfg = Release|x86
		{EFAAFA0B-D4C8-4341-95EA-610CC8F268A3}.Release|x86.Build.0 = Release|x86
		{509E46EB-66A1-4629-AAE8-B949EA800CFD}.Debug|x86.ActiveCfg = Debug|x86
		{509E46EB-66A1-4629-AAE8-B949EA800CFD}.Release|x86.ActiveCfg = Release|x86
	EndGlobalSection
	GlobalSection(SolutionProperties) = preSolution
		HideSolutionNode = FALSE
	EndGlobalSection
EndGlobal
